
Microsoft Visual Studio Solution File, Format Version 12.00
# Visual Studio 15
VisualStudioVersion = 15.0.26430.12
MinimumVisualStudioVersion = 10.0.40219.1
Project("{FAE04EC0-301F-11D3-BF4B-00C04F79EFBC}") = "AnyTextFilterVSIX", "AnyTextFilterVSIX\AnyTextFilterVSIX.csproj", "{08557801-B580-40E3-BFA2-CA6FA15E4D9A}"
EndProject
Project("{2150E333-8FDC-42A3-9474-1A3956D46DE8}") = "Solution Items", "Solution Items", "{6B0E9209-1E2A-4401-ADC3-E2BB371E5929}"
	ProjectSection(SolutionItems) = preProject
		LICENSE.txt = LICENSE.txt
		README.md = README.md
	EndProjectSection
EndProject
Project("{FAE04EC0-301F-11D3-BF4B-00C04F79EFBC}") = "AnyTextFilterVSIXTests", "AnyTextFilterVSIXTests\AnyTextFilterVSIXTests.csproj", "{6DC6953C-5922-43DF-92BD-086E41CDBE55}"
EndProject
Global
	GlobalSection(SolutionConfigurationPlatforms) = preSolution
		Debug|Any CPU = Debug|Any CPU
		Publish|Any CPU = Publish|Any CPU
		Release|Any CPU = Release|Any CPU
	EndGlobalSection
	GlobalSection(ProjectConfigurationPlatforms) = postSolution
		{08557801-B580-40E3-BFA2-CA6FA15E4D9A}.Debug|Any CPU.ActiveCfg = Debug|Any CPU
		{08557801-B580-40E3-BFA2-CA6FA15E4D9A}.Debug|Any CPU.Build.0 = Debug|Any CPU
		{08557801-B580-40E3-BFA2-CA6FA15E4D9A}.Publish|Any CPU.ActiveCfg = Publish|Any CPU
		{08557801-B580-40E3-BFA2-CA6FA15E4D9A}.Publish|Any CPU.Build.0 = Publish|Any CPU
		{08557801-B580-40E3-BFA2-CA6FA15E4D9A}.Release|Any CPU.ActiveCfg = Release|Any CPU
		{08557801-B580-40E3-BFA2-CA6FA15E4D9A}.Release|Any CPU.Build.0 = Release|Any CPU
		{6DC6953C-5922-43DF-92BD-086E41CDBE55}.Debug|Any CPU.ActiveCfg = Debug|Any CPU
		{6DC6953C-5922-43DF-92BD-086E41CDBE55}.Debug|Any CPU.Build.0 = Debug|Any CPU
		{6DC6953C-5922-43DF-92BD-086E41CDBE55}.Publish|Any CPU.ActiveCfg = Release|Any CPU
		{6DC6953C-5922-43DF-92BD-086E41CDBE55}.Release|Any CPU.ActiveCfg = Release|Any CPU
		{6DC6953C-5922-43DF-92BD-086E41CDBE55}.Release|Any CPU.Build.0 = Release|Any CPU
	EndGlobalSection
	GlobalSection(SolutionProperties) = preSolution
		HideSolutionNode = FALSE
	EndGlobalSection
EndGlobal
